
Microsoft Visual Studio Solution File, Format Version 12.00
# Visual Studio 15
VisualStudioVersion = 15.0.28307.902
MinimumVisualStudioVersion = 10.0.40219.1
Project("{FAE04EC0-301F-11D3-BF4B-00C04F79EFBC}") = "RobotNav", "RobotNav\RobotNav.csproj", "{16974153-EBC0-4AC8-9BBF-6506BC9E40F1}"
EndProject
Global
	GlobalSection(SolutionConfigurationPlatforms) = preSolution
		Debug|Any CPU = Debug|Any CPU
		Release|Any CPU = Release|Any CPU
	EndGlobalSection
	GlobalSection(ProjectConfigurationPlatforms) = postSolution
		{16974153-EBC0-4AC8-9BBF-6506BC9E40F1}.Debug|Any CPU.ActiveCfg = Debug|Any CPU
		{16974153-EBC0-4AC8-9BBF-6506BC9E40F1}.Debug|Any CPU.Build.0 = Debug|Any CPU
		{16974153-EBC0-4AC8-9BBF-6506BC9E40F1}.Release|Any CPU.ActiveCfg = Release|Any CPU
		{16974153-EBC0-4AC8-9BBF-6506BC9E40F1}.Release|Any CPU.Build.0 = Release|Any CPU
	EndGlobalSection
	GlobalSection(SolutionProperties) = preSolution
		HideSolutionNode = FALSE
	EndGlobalSection
	GlobalSection(ExtensibilityGlobals) = postSolution
		SolutionGuid = {724CD642-67D9-4BF7-9414-1D33F40C6D37}
	EndGlobalSection
EndGlobal
